
Microsoft Visual Studio Solution File, Format Version 12.00
# Visual Studio Version 17
VisualStudioVersion = 17.4.33403.182
MinimumVisualStudioVersion = 10.0.40219.1
Project("{FAE04EC0-301F-11D3-BF4B-00C04F79EFBC}") = "MyTimeAway", "MyTimeAway.csproj", "{0EA9CFA0-70D5-4BEF-9588-30E5C44A6E18}"
EndProject
Project("{FAE04EC0-301F-11D3-BF4B-00C04F79EFBC}") = "MyTimeAway.BusinessLayer", "..\MyTimeAway.BusinessLayer\MyTimeAway.BusinessLayer.csproj", "{6405E945-9067-4248-84F8-65F174D1BBB1}"
EndProject
Project("{FAE04EC0-301F-11D3-BF4B-00C04F79EFBC}") = "MyTimeAway.DataLayer", "..\MyTimeAway.DataLayer\MyTimeAway.DataLayer.csproj", "{33ECD496-05F1-4F11-B4F1-FF904FF82744}"
EndProject
Project("{FAE04EC0-301F-11D3-BF4B-00C04F79EFBC}") = "MyTimeAway.Entities", "..\MyTimeAway.Entities\MyTimeAway.Entities.csproj", "{73003208-1109-4FC9-B67D-DBD796CFA189}"
EndProject
Project("{FAE04EC0-301F-11D3-BF4B-00C04F79EFBC}") = "MyTimeAway.Tests", "..\MyTimeAway.Tests\MyTimeAway.Tests.csproj", "{A31F5C39-F161-4A5E-AAAB-58354F62C229}"
EndProject
Global
	GlobalSection(SolutionConfigurationPlatforms) = preSolution
		Debug|Any CPU = Debug|Any CPU
		Release|Any CPU = Release|Any CPU
	EndGlobalSection
	GlobalSection(ProjectConfigurationPlatforms) = postSolution
		{0EA9CFA0-70D5-4BEF-9588-30E5C44A6E18}.Debug|Any CPU.ActiveCfg = Debug|Any CPU
		{0EA9CFA0-70D5-4BEF-9588-30E5C44A6E18}.Debug|Any CPU.Build.0 = Debug|Any CPU
		{0EA9CFA0-70D5-4BEF-9588-30E5C44A6E18}.Release|Any CPU.ActiveCfg = Release|Any CPU
		{0EA9CFA0-70D5-4BEF-9588-30E5C44A6E18}.Release|Any CPU.Build.0 = Release|Any CPU
		{6405E945-9067-4248-84F8-65F174D1BBB1}.Debug|Any CPU.ActiveCfg = Debug|Any CPU
		{6405E945-9067-4248-84F8-65F174D1BBB1}.Debug|Any CPU.Build.0 = Debug|Any CPU
		{6405E945-9067-4248-84F8-65F174D1BBB1}.Release|Any CPU.ActiveCfg = Release|Any CPU
		{6405E945-9067-4248-84F8-65F174D1BBB1}.Release|Any CPU.Build.0 = Release|Any CPU
		{33ECD496-05F1-4F11-B4F1-FF904FF82744}.Debug|Any CPU.ActiveCfg = Debug|Any CPU
		{33ECD496-05F1-4F11-B4F1-FF904FF82744}.Debug|Any CPU.Build.0 = Debug|Any CPU
		{33ECD496-05F1-4F11-B4F1-FF904FF82744}.Release|Any CPU.ActiveCfg = Release|Any CPU
		{33ECD496-05F1-4F11-B4F1-FF904FF82744}.Release|Any CPU.Build.0 = Release|Any CPU
		{73003208-1109-4FC9-B67D-DBD796CFA189}.Debug|Any CPU.ActiveCfg = Debug|Any CPU
		{73003208-1109-4FC9-B67D-DBD796CFA189}.Debug|Any CPU.Build.0 = Debug|Any CPU
		{73003208-1109-4FC9-B67D-DBD796CFA189}.Release|Any CPU.ActiveCfg = Release|Any CPU
		{73003208-1109-4FC9-B67D-DBD796CFA189}.Release|Any CPU.Build.0 = Release|Any CPU
		{A31F5C39-F161-4A5E-AAAB-58354F62C229}.Debug|Any CPU.ActiveCfg = Debug|Any CPU
		{A31F5C39-F161-4A5E-AAAB-58354F62C229}.Debug|Any CPU.Build.0 = Debug|Any CPU
		{A31F5C39-F161-4A5E-AAAB-58354F62C229}.Release|Any CPU.ActiveCfg = Release|Any CPU
		{A31F5C39-F161-4A5E-AAAB-58354F62C229}.Release|Any CPU.Build.0 = Release|Any CPU
	EndGlobalSection
	GlobalSection(SolutionProperties) = preSolution
		HideSolutionNode = FALSE
	EndGlobalSection
	GlobalSection(ExtensibilityGlobals) = postSolution
		SolutionGuid = {CF77E02F-D8F9-47CC-B517-C4CF41CB66AA}
	EndGlobalSection
EndGlobal
